
Microsoft Visual Studio Solution File, Format Version 12.00
# Visual Studio Version 17
VisualStudioVersion = 17.5.002.0
MinimumVisualStudioVersion = 10.0.40219.1
Project("{9A19103F-16F7-4668-BE54-9A1E7A4F7556}") = "SonicNextModManager", "SonicNextModManager.csproj", "{3475F50F-A640-47EA-89F9-EF9B689FDF56}"
EndProject
Global
	GlobalSection(SolutionConfigurationPlatforms) = preSolution
		Debug|Any CPU = Debug|Any CPU
		Release|Any CPU = Release|Any CPU
	EndGlobalSection
	GlobalSection(ProjectConfigurationPlatforms) = postSolution
		{3475F50F-A640-47EA-89F9-EF9B689FDF56}.Debug|Any CPU.ActiveCfg = Debug|Any CPU
		{3475F50F-A640-47EA-89F9-EF9B689FDF56}.Debug|Any CPU.Build.0 = Debug|Any CPU
		{3475F50F-A640-47EA-89F9-EF9B689FDF56}.Release|Any CPU.ActiveCfg = Release|Any CPU
		{3475F50F-A640-47EA-89F9-EF9B689FDF56}.Release|Any CPU.Build.0 = Release|Any CPU
	EndGlobalSection
	GlobalSection(SolutionProperties) = preSolution
		HideSolutionNode = FALSE
	EndGlobalSection
	GlobalSection(ExtensibilityGlobals) = postSolution
		SolutionGuid = {C3615079-FA19-4D13-B779-279320C879AA}
	EndGlobalSection
EndGlobal
